
Microsoft Visual Studio Solution File, Format Version 12.00
# Visual Studio 15
VisualStudioVersion = 15.0.26124.0
MinimumVisualStudioVersion = 15.0.26124.0
Project("{FAE04EC0-301F-11D3-BF4B-00C04F79EFBC}") = "API", "API\API.csproj", "{FCB5C924-1E56-4F3D-AF8F-C9553BFB3EF7}"
EndProject
Project("{FAE04EC0-301F-11D3-BF4B-00C04F79EFBC}") = "Application", "Application\Application.csproj", "{764A8761-5CEB-4B1C-AFFD-A492AD668CE7}"
EndProject
Project("{FAE04EC0-301F-11D3-BF4B-00C04F79EFBC}") = "Persistence", "Persistence\Persistence.csproj", "{EF3508E1-4003-486A-A5DD-7842042E9B1B}"
EndProject
Project("{FAE04EC0-301F-11D3-BF4B-00C04F79EFBC}") = "Domain", "Domain\Domain.csproj", "{AF57C582-FE86-4153-B4CD-315D4F2DB156}"
EndProject
Global
	GlobalSection(SolutionConfigurationPlatforms) = preSolution
		Debug|Any CPU = Debug|Any CPU
		Debug|x64 = Debug|x64
		Debug|x86 = Debug|x86
		Release|Any CPU = Release|Any CPU
		Release|x64 = Release|x64
		Release|x86 = Release|x86
	EndGlobalSection
	GlobalSection(SolutionProperties) = preSolution
		HideSolutionNode = FALSE
	EndGlobalSection
	GlobalSection(ProjectConfigurationPlatforms) = postSolution
		{FCB5C924-1E56-4F3D-AF8F-C9553BFB3EF7}.Debug|Any CPU.ActiveCfg = Debug|Any CPU
		{FCB5C924-1E56-4F3D-AF8F-C9553BFB3EF7}.Debug|Any CPU.Build.0 = Debug|Any CPU
		{FCB5C924-1E56-4F3D-AF8F-C9553BFB3EF7}.Debug|x64.ActiveCfg = Debug|Any CPU
		{FCB5C924-1E56-4F3D-AF8F-C9553BFB3EF7}.Debug|x64.Build.0 = Debug|Any CPU
		{FCB5C924-1E56-4F3D-AF8F-C9553BFB3EF7}.Debug|x86.ActiveCfg = Debug|Any CPU
		{FCB5C924-1E56-4F3D-AF8F-C9553BFB3EF7}.Debug|x86.Build.0 = Debug|Any CPU
		{FCB5C924-1E56-4F3D-AF8F-C9553BFB3EF7}.Release|Any CPU.ActiveCfg = Release|Any CPU
		{FCB5C924-1E56-4F3D-AF8F-C9553BFB3EF7}.Release|Any CPU.Build.0 = Release|Any CPU
		{FCB5C924-1E56-4F3D-AF8F-C9553BFB3EF7}.Release|x64.ActiveCfg = Release|Any CPU
		{FCB5C924-1E56-4F3D-AF8F-C9553BFB3EF7}.Release|x64.Build.0 = Release|Any CPU
		{FCB5C924-1E56-4F3D-AF8F-C9553BFB3EF7}.Release|x86.ActiveCfg = Release|Any CPU
		{FCB5C924-1E56-4F3D-AF8F-C9553BFB3EF7}.Release|x86.Build.0 = Release|Any CPU
		{764A8761-5CEB-4B1C-AFFD-A492AD668CE7}.Debug|Any CPU.ActiveCfg = Debug|Any CPU
		{764A8761-5CEB-4B1C-AFFD-A492AD668CE7}.Debug|Any CPU.Build.0 = Debug|Any CPU
		{764A8761-5CEB-4B1C-AFFD-A492AD668CE7}.Debug|x64.ActiveCfg = Debug|Any CPU
		{764A8761-5CEB-4B1C-AFFD-A492AD668CE7}.Debug|x64.Build.0 = Debug|Any CPU
		{764A8761-5CEB-4B1C-AFFD-A492AD668CE7}.Debug|x86.ActiveCfg = Debug|Any CPU
		{764A8761-5CEB-4B1C-AFFD-A492AD668CE7}.Debug|x86.Build.0 = Debug|Any CPU
		{764A8761-5CEB-4B1C-AFFD-A492AD668CE7}.Release|Any CPU.ActiveCfg = Release|Any CPU
		{764A8761-5CEB-4B1C-AFFD-A492AD668CE7}.Release|Any CPU.Build.0 = Release|Any CPU
		{764A8761-5CEB-4B1C-AFFD-A492AD668CE7}.Release|x64.ActiveCfg = Release|Any CPU
		{764A8761-5CEB-4B1C-AFFD-A492AD668CE7}.Release|x64.Build.0 = Release|Any CPU
		{764A8761-5CEB-4B1C-AFFD-A492AD668CE7}.Release|x86.ActiveCfg = Release|Any CPU
		{764A8761-5CEB-4B1C-AFFD-A492AD668CE7}.Release|x86.Build.0 = Release|Any CPU
		{EF3508E1-4003-486A-A5DD-7842042E9B1B}.Debug|Any CPU.ActiveCfg = Debug|Any CPU
		{EF3508E1-4003-486A-A5DD-7842042E9B1B}.Debug|Any CPU.Build.0 = Debug|Any CPU
		{EF3508E1-4003-486A-A5DD-7842042E9B1B}.Debug|x64.ActiveCfg = Debug|Any CPU
		{EF3508E1-4003-486A-A5DD-7842042E9B1B}.Debug|x64.Build.0 = Debug|Any CPU
		{EF3508E1-4003-486A-A5DD-7842042E9B1B}.Debug|x86.ActiveCfg = Debug|Any CPU
		{EF3508E1-4003-486A-A5DD-7842042E9B1B}.Debug|x86.Build.0 = Debug|Any CPU
		{EF3508E1-4003-486A-A5DD-7842042E9B1B}.Release|Any CPU.ActiveCfg = Release|Any CPU
		{EF3508E1-4003-486A-A5DD-7842042E9B1B}.Release|Any CPU.Build.0 = Release|Any CPU
		{EF3508E1-4003-486A-A5DD-7842042E9B1B}.Release|x64.ActiveCfg = Release|Any CPU
		{EF3508E1-4003-486A-A5DD-7842042E9B1B}.Release|x64.Build.0 = Release|Any CPU
		{EF3508E1-4003-486A-A5DD-7842042E9B1B}.Release|x86.ActiveCfg = Release|Any CPU
		{EF3508E1-4003-486A-A5DD-7842042E9B1B}.Release|x86.Build.0 = Release|Any CPU
		{AF57C582-FE86-4153-B4CD-315D4F2DB156}.Debug|Any CPU.ActiveCfg = Debug|Any CPU
		{AF57C582-FE86-4153-B4CD-315D4F2DB156}.Debug|Any CPU.Build.0 = Debug|Any CPU
		{AF57C582-FE86-4153-B4CD-315D4F2DB156}.Debug|x64.ActiveCfg = Debug|Any CPU
		{AF57C582-FE86-4153-B4CD-315D4F2DB156}.Debug|x64.Build.0 = Debug|Any CPU
		{AF57C582-FE86-4153-B4CD-315D4F2DB156}.Debug|x86.ActiveCfg = Debug|Any CPU
		{AF57C582-FE86-4153-B4CD-315D4F2DB156}.Debug|x86.Build.0 = Debug|Any CPU
		{AF57C582-FE86-4153-B4CD-315D4F2DB156}.Release|Any CPU.ActiveCfg = Release|Any CPU
		{AF57C582-FE86-4153-B4CD-315D4F2DB156}.Release|Any CPU.Build.0 = Release|Any CPU
		{AF57C582-FE86-4153-B4CD-315D4F2DB156}.Release|x64.ActiveCfg = Release|Any CPU
		{AF57C582-FE86-4153-B4CD-315D4F2DB156}.Release|x64.Build.0 = Release|Any CPU
		{AF57C582-FE86-4153-B4CD-315D4F2DB156}.Release|x86.ActiveCfg = Release|Any CPU
		{AF57C582-FE86-4153-B4CD-315D4F2DB156}.Release|x86.Build.0 = Release|Any CPU
	EndGlobalSection
EndGlobal
